{
  "requires": true,
  "lockfileVersion": 1,
  "dependencies": {
    "cross-env": {
      "version": "6.0.0",
      "resolved": "https://registry.npmjs.org/cross-env/-/cross-env-6.0.0.tgz",
      "integrity": "sha512-G/B6gtkjgthT8AP/xN1wdj5Xe18fVyk58JepK8GxpUbqcz3hyWxegocMbvnZK+KoTslwd0ACZ3woi/DVUdVjyQ==",
      "requires": {
        "cross-spawn": "^7.0.0"
      }
    },
    "cross-spawn": {
      "version": "7.0.0",
      "resolved": "https://registry.npmjs.org/cross-spawn/-/cross-spawn-7.0.0.tgz",
      "integrity": "sha512-6U/8SMK2FBNnB21oQ4+6Nsodxanw1gTkntYA2zBdkFYFu3ZDx65P2ONEXGSvob/QS6REjVHQ9zxzdOafwFdstw==",
      "requires": {
        "path-key": "^3.1.0",
        "shebang-command": "^1.2.0",
        "which": "^1.2.9"
      }
    },
    "isexe": {
      "version": "2.0.0",
      "resolved": "https://registry.npmjs.org/isexe/-/isexe-2.0.0.tgz",
      "integrity": "sha1-6PvzdNxVb/iUehDcsFctYz8s+hA="
    },
    "path-key": {
      "version": "3.1.0",
      "resolved": "https://registry.npmjs.org/path-key/-/path-key-3.1.0.tgz",
      "integrity": "sha512-8cChqz0RP6SHJkMt48FW0A7+qUOn+OsnOsVtzI59tZ8m+5bCSk7hzwET0pulwOM2YMn9J1efb07KB9l9f30SGg=="
    },
    "shebang-command": {
      "version": "1.2.0",
      "resolved": "https://registry.npmjs.org/shebang-command/-/shebang-command-1.2.0.tgz",
      "integrity": "sha1-RKrGW2lbAzmJaMOfNj/uXer98eo=",
      "requires": {
        "shebang-regex": "^1.0.0"
      }
    },
    "shebang-regex": {
      "version": "1.0.0",
      "resolved": "https://registry.npmjs.org/shebang-regex/-/shebang-regex-1.0.0.tgz",
      "integrity": "sha1-2kL0l0DAtC2yypcoVxyxkMmO/qM="
    },
    "which": {
      "version": "1.3.1",
      "resolved": "https://registry.npmjs.org/which/-/which-1.3.1.tgz",
      "integrity": "sha512-HxJdYWq1MTIQbJ3nw0cqssHoTNU267KlrDuGZ1WYlxDStUtKUhOaJmh112/TZmHxxUfuJqPXSOm7tDyas0OSIQ==",
      "requires": {
        "isexe": "^2.0.0"
      }
    }
  }
}
